# This file is automatically @generated by Poetry 1.4.0 and should not be changed by hand.

[[package]]
name = "library"
version = "0.1.0"
description = ""
category = "main"
optional = false
python-versions = "^3.11"
files = []
develop = false

[package.dependencies]
robotframework = "^6.0.2"

[package.source]
type = "directory"
url = "../library"

[[package]]
name = "robotframework"
version = "6.0.2"
description = "Generic automation framework for acceptance testing and robotic process automation (RPA)"
category = "main"
optional = false
python-versions = ">=3.6"
files = [
    {file = "robotframework-6.0.2-py3-none-any.whl", hash = "sha256:634cd6f9fdc21142eadd9aacdddbfe7d3e2a757532b71d866dbb404cd0e66dac"},
    {file = "robotframework-6.0.2.zip", hash = "sha256:6a9c06deb220099990f190c6e4e772675f625e4d5d84640fca6f0ad46ff538d0"},
]

[metadata]
lock-version = "2.0"
python-versions = "^3.11"
content-hash = "315e4137e899ee8a4553a7280fa8886cf47b1e3ea3b73ffb745c584496a6722f"
